
Microsoft Visual Studio Solution File, Format Version 12.00
# Visual Studio Version 16
VisualStudioVersion = 16.0.31613.86
MinimumVisualStudioVersion = 10.0.40219.1
Project("{FAE04EC0-301F-11D3-BF4B-00C04F79EFBC}") = "OOPPractice", "OOPPractice\OOPPractice.csproj", "{434D0C26-2ACE-49B9-A8F5-6C81DD194306}"
EndProject
Global
	GlobalSection(SolutionConfigurationPlatforms) = preSolution
		Debug|Any CPU = Debug|Any CPU
		Release|Any CPU = Release|Any CPU
	EndGlobalSection
	GlobalSection(ProjectConfigurationPlatforms) = postSolution
		{434D0C26-2ACE-49B9-A8F5-6C81DD194306}.Debug|Any CPU.ActiveCfg = Debug|Any CPU
		{434D0C26-2ACE-49B9-A8F5-6C81DD194306}.Debug|Any CPU.Build.0 = Debug|Any CPU
		{434D0C26-2ACE-49B9-A8F5-6C81DD194306}.Release|Any CPU.ActiveCfg = Release|Any CPU
		{434D0C26-2ACE-49B9-A8F5-6C81DD194306}.Release|Any CPU.Build.0 = Release|Any CPU
	EndGlobalSection
	GlobalSection(SolutionProperties) = preSolution
		HideSolutionNode = FALSE
	EndGlobalSection
	GlobalSection(ExtensibilityGlobals) = postSolution
		SolutionGuid = {D531AE9C-085A-4FD4-8532-2BFD01FCB12F}
	EndGlobalSection
EndGlobal
